
Microsoft Visual Studio Solution File, Format Version 12.00
# Visual Studio 15
VisualStudioVersion = 15.0.33026.149
MinimumVisualStudioVersion = 10.0.40219.1
Project("{FAE04EC0-301F-11D3-BF4B-00C04F79EFBC}") = "Red chillies", "Red cillies\Red chillies.csproj", "{A44F7155-C8FD-4989-ADEF-55B7C5B5A527}"
EndProject
Global
	GlobalSection(SolutionConfigurationPlatforms) = preSolution
		Debug|Any CPU = Debug|Any CPU
		Release|Any CPU = Release|Any CPU
	EndGlobalSection
	GlobalSection(ProjectConfigurationPlatforms) = postSolution
		{A44F7155-C8FD-4989-ADEF-55B7C5B5A527}.Debug|Any CPU.ActiveCfg = Debug|Any CPU
		{A44F7155-C8FD-4989-ADEF-55B7C5B5A527}.Debug|Any CPU.Build.0 = Debug|Any CPU
		{A44F7155-C8FD-4989-ADEF-55B7C5B5A527}.Release|Any CPU.ActiveCfg = Release|Any CPU
		{A44F7155-C8FD-4989-ADEF-55B7C5B5A527}.Release|Any CPU.Build.0 = Release|Any CPU
	EndGlobalSection
	GlobalSection(SolutionProperties) = preSolution
		HideSolutionNode = FALSE
	EndGlobalSection
	GlobalSection(ExtensibilityGlobals) = postSolution
		SolutionGuid = {DA48A7AC-B647-4E87-9254-6447061C61E0}
	EndGlobalSection
EndGlobal
